// !$*UTF8*$!
{
	archiveVersion = 1;
	classes = {
	};
	objectVersion = 46;
	objects = {

/* Begin PBXBuildFile section */
		F56054481DEF41790072D3E0 /* main.c in Sources */ = {isa = PBXBuildFile; fileRef = F56054471DEF41790072D3E0 /* main.c */; };
		F56054501DEF42120072D3E0 /* listaprio.c in Sources */ = {isa = PBXBuildFile; fileRef = F560544E1DEF42120072D3E0 /* listaprio.c */; };
		F56054531DEF42400072D3E0 /* ub.c in Sources */ = {isa = PBXBuildFile; fileRef = F56054511DEF42400072D3E0 /* ub.c */; };
		F56054561DEF429D0072D3E0 /* grafo.c in Sources */ = {isa = PBXBuildFile; fileRef = F56054541DEF429D0072D3E0 /* grafo.c */; };
/* End PBXBuildFile section */

/* Begin PBXCopyFilesBuildPhase section */
		F56054421DEF41790072D3E0 /* CopyFiles */ = {
			isa = PBXCopyFilesBuildPhase;
			buildActionMask = 2147483647;
			dstPath = /usr/share/man/man1/;
			dstSubfolderSpec = 0;
			files = (
			);
			runOnlyForDeploymentPostprocessing = 1;
		};
/* End PBXCopyFilesBuildPhase section */

/* Begin PBXFileReference section */
		F56054441DEF41790072D3E0 /* Lab13 */ = {isa = PBXFileReference; explicitFileType = "compiled.mach-o.executable"; includeInIndex = 0; path = Lab13; sourceTree = BUILT_PRODUCTS_DIR; };
		F56054471DEF41790072D3E0 /* main.c */ = {isa = PBXFileReference; lastKnownFileType = sourcecode.c.c; path = main.c; sourceTree = "<group>"; };
		F560544E1DEF42120072D3E0 /* listaprio.c */ = {isa = PBXFileReference; fileEncoding = 4; lastKnownFileType = sourcecode.c.c; path = listaprio.c; sourceTree = "<group>"; };
		F560544F1DEF42120072D3E0 /* listaprio.h */ = {isa = PBXFileReference; fileEncoding = 4; lastKnownFileType = sourcecode.c.h; path = listaprio.h; sourceTree = "<group>"; };
		F56054511DEF42400072D3E0 /* ub.c */ = {isa = PBXFileReference; fileEncoding = 4; lastKnownFileType = sourcecode.c.c; path = ub.c; sourceTree = "<group>"; };
		F56054521DEF42400072D3E0 /* ub.h */ = {isa = PBXFileReference; fileEncoding = 4; lastKnownFileType = sourcecode.c.h; path = ub.h; sourceTree = "<group>"; };
		F56054541DEF429D0072D3E0 /* grafo.c */ = {isa = PBXFileReference; fileEncoding = 4; lastKnownFileType = sourcecode.c.c; path = grafo.c; sourceTree = "<group>"; };
		F56054551DEF429D0072D3E0 /* grafo.h */ = {isa = PBXFileReference; fileEncoding = 4; lastKnownFileType = sourcecode.c.h; path = grafo.h; sourceTree = "<group>"; };
/* End PBXFileReference section */

/* Begin PBXFrameworksBuildPhase section */
		F56054411DEF41790072D3E0 /* Frameworks */ = {
			isa = PBXFrameworksBuildPhase;
			buildActionMask = 2147483647;
			files = (
			);
			runOnlyForDeploymentPostprocessing = 0;
		};
/* End PBXFrameworksBuildPhase section */

/* Begin PBXGroup section */
		F560543B1DEF41790072D3E0 = {
			isa = PBXGroup;
			children = (
				F56054461DEF41790072D3E0 /* Lab13 */,
				F56054451DEF41790072D3E0 /* Products */,
			);
			sourceTree = "<group>";
		};
		F56054451DEF41790072D3E0 /* Products */ = {
			isa = PBXGroup;
			children = (
				F56054441DEF41790072D3E0 /* Lab13 */,
			);
			name = Products;
			sourceTree = "<group>";
		};
		F56054461DEF41790072D3E0 /* Lab13 */ = {
			isa = PBXGroup;
			children = (
				F56054471DEF41790072D3E0 /* main.c */,
				F560544E1DEF42120072D3E0 /* listaprio.c */,
				F560544F1DEF42120072D3E0 /* listaprio.h */,
				F56054511DEF42400072D3E0 /* ub.c */,
				F56054521DEF42400072D3E0 /* ub.h */,
				F56054541DEF429D0072D3E0 /* grafo.c */,
				F56054551DEF429D0072D3E0 /* grafo.h */,
			);
			path = Lab13;
			sourceTree = "<group>";
		};
/* End PBXGroup section */

/* Begin PBXNativeTarget section */
		F56054431DEF41790072D3E0 /* Lab13 */ = {
			isa = PBXNativeTarget;
			buildConfigurationList = F560544B1DEF41790072D3E0 /* Build configuration list for PBXNativeTarget "Lab13" */;
			buildPhases = (
				F56054401DEF41790072D3E0 /* Sources */,
				F56054411DEF41790072D3E0 /* Frameworks */,
				F56054421DEF41790072D3E0 /* CopyFiles */,
			);
			buildRules = (
			);
			dependencies = (
			);
			name = Lab13;
			productName = Lab13;
			productReference = F56054441DEF41790072D3E0 /* Lab13 */;
			productType = "com.apple.product-type.tool";
		};
/* End PBXNativeTarget section */

/* Begin PBXProject section */
		F560543C1DEF41790072D3E0 /* Project object */ = {
			isa = PBXProject;
			attributes = {
				LastUpgradeCheck = 0800;
				ORGANIZATIONNAME = "Bruna Aleixo";
				TargetAttributes = {
					F56054431DEF41790072D3E0 = {
						CreatedOnToolsVersion = 8.0;
						DevelopmentTeam = N363X9XN35;
						ProvisioningStyle = Automatic;
					};
				};
			};
			buildConfigurationList = F560543F1DEF41790072D3E0 /* Build configuration list for PBXProject "Lab13" */;
			compatibilityVersion = "Xcode 3.2";
			developmentRegion = English;
			hasScannedForEncodings = 0;
			knownRegions = (
				en,
			);
			mainGroup = F560543B1DEF41790072D3E0;
			productRefGroup = F56054451DEF41790072D3E0 /* Products */;
			projectDirPath = "";
			projectRoot = "";
			targets = (
				F56054431DEF41790072D3E0 /* Lab13 */,
			);
		};
/* End PBXProject section */

/* Begin PBXSourcesBuildPhase section */
		F56054401DEF41790072D3E0 /* Sources */ = {
			isa = PBXSourcesBuildPhase;
			buildActionMask = 2147483647;
			files = (
				F56054481DEF41790072D3E0 /* main.c in Sources */,
				F56054501DEF42120072D3E0 /* listaprio.c in Sources */,
				F56054531DEF42400072D3E0 /* ub.c in Sources */,
				F56054561DEF429D0072D3E0 /* grafo.c in Sources */,
			);
			runOnlyForDeploymentPostprocessing = 0;
		};
/* End PBXSourcesBuildPhase section */

/* Begin XCBuildConfiguration section */
		F56054491DEF41790072D3E0 /* Debug */ = {
			isa = XCBuildConfiguration;
			buildSettings = {
				ALWAYS_SEARCH_USER_PATHS = NO;
				CLANG_ANALYZER_NONNULL = YES;
				CLANG_CXX_LANGUAGE_STANDARD = "gnu++0x";
				CLANG_CXX_LIBRARY = "libc++";
				CLANG_ENABLE_MODULES = YES;
				CLANG_ENABLE_OBJC_ARC = YES;
				CLANG_WARN_BOOL_CONVERSION = YES;
				CLANG_WARN_CONSTANT_CONVERSION = YES;
				CLANG_WARN_DIRECT_OBJC_ISA_USAGE = YES_ERROR;
				CLANG_WARN_DOCUMENTATION_COMMENTS = YES;
				CLANG_WARN_EMPTY_BODY = YES;
				CLANG_WARN_ENUM_CONVERSION = YES;
				CLANG_WARN_INFINITE_RECURSION = YES;
				CLANG_WARN_INT_CONVERSION = YES;
				CLANG_WARN_OBJC_ROOT_CLASS = YES_ERROR;
				CLANG_WARN_SUSPICIOUS_MOVES = YES;
				CLANG_WARN_UNREACHABLE_CODE = YES;
				CLANG_WARN__DUPLICATE_METHOD_MATCH = YES;
				CODE_SIGN_IDENTITY = "-";
				COPY_PHASE_STRIP = NO;
				DEBUG_INFORMATION_FORMAT = dwarf;
				ENABLE_STRICT_OBJC_MSGSEND = YES;
				ENABLE_TESTABILITY = YES;
				GCC_C_LANGUAGE_STANDARD = gnu99;
				GCC_DYNAMIC_NO_PIC = NO;
				GCC_NO_COMMON_BLOCKS = YES;
				GCC_OPTIMIZATION_LEVEL = 0;
				GCC_PREPROCESSOR_DEFINITIONS = (
					"DEBUG=1",
					"$(inherited)",
				);
				GCC_WARN_64_TO_32_BIT_CONVERSION = YES;
				GCC_WARN_ABOUT_RETURN_TYPE = YES_ERROR;
				GCC_WARN_UNDECLARED_SELECTOR = YES;
				GCC_WARN_UNINITIALIZED_AUTOS = YES_AGGRESSIVE;
				GCC_WARN_UNUSED_FUNCTION = YES;
				GCC_WARN_UNUSED_VARIABLE = YES;
				MACOSX_DEPLOYMENT_TARGET = 10.11;
				MTL_ENABLE_DEBUG_INFO = YES;
				ONLY_ACTIVE_ARCH = YES;
				SDKROOT = macosx;
			};
			name = Debug;
		};
		F560544A1DEF41790072D3E0 /* Release */ = {
			isa = XCBuildConfiguration;
			buildSettings = {
				ALWAYS_SEARCH_USER_PATHS = NO;
				CLANG_ANALYZER_NONNULL = YES;
				CLANG_CXX_LANGUAGE_STANDARD = "gnu++0x";
				CLANG_CXX_LIBRARY = "libc++";
				CLANG_ENABLE_MODULES = YES;
				CLANG_ENABLE_OBJC_ARC = YES;
				CLANG_WARN_BOOL_CONVERSION = YES;
				CLANG_WARN_CONSTANT_CONVERSION = YES;
				CLANG_WARN_DIRECT_OBJC_ISA_USAGE = YES_ERROR;
				CLANG_WARN_DOCUMENTATION_COMMENTS = YES;
				CLANG_WARN_EMPTY_BODY = YES;
				CLANG_WARN_ENUM_CONVERSION = YES;
				CLANG_WARN_INFINITE_RECURSION = YES;
				CLANG_WARN_INT_CONVERSION = YES;
				CLANG_WARN_OBJC_ROOT_CLASS = YES_ERROR;
				CLANG_WARN_SUSPICIOUS_MOVES = YES;
				CLANG_WARN_UNREACHABLE_CODE = YES;
				CLANG_WARN__DUPLICATE_METHOD_MATCH = YES;
				CODE_SIGN_IDENTITY = "-";
				COPY_PHASE_STRIP = NO;
				DEBUG_INFORMATION_FORMAT = "dwarf-with-dsym";
				ENABLE_NS_ASSERTIONS = NO;
				ENABLE_STRICT_OBJC_MSGSEND = YES;
				GCC_C_LANGUAGE_STANDARD = gnu99;
				GCC_NO_COMMON_BLOCKS = YES;
				GCC_WARN_64_TO_32_BIT_CONVERSION = YES;
				GCC_WARN_ABOUT_RETURN_TYPE = YES_ERROR;
				GCC_WARN_UNDECLARED_SELECTOR = YES;
				GCC_WARN_UNINITIALIZED_AUTOS = YES_AGGRESSIVE;
				GCC_WARN_UNUSED_FUNCTION = YES;
				GCC_WARN_UNUSED_VARIABLE = YES;
				MACOSX_DEPLOYMENT_TARGET = 10.11;
				MTL_ENABLE_DEBUG_INFO = NO;
				SDKROOT = macosx;
			};
			name = Release;
		};
		F560544C1DEF41790072D3E0 /* Debug */ = {
			isa = XCBuildConfiguration;
			buildSettings = {
				DEVELOPMENT_TEAM = N363X9XN35;
				PRODUCT_NAME = "$(TARGET_NAME)";
			};
			name = Debug;
		};
		F560544D1DEF41790072D3E0 /* Release */ = {
			isa = XCBuildConfiguration;
			buildSettings = {
				DEVELOPMENT_TEAM = N363X9XN35;
				PRODUCT_NAME = "$(TARGET_NAME)";
			};
			name = Release;
		};
/* End XCBuildConfiguration section */

/* Begin XCConfigurationList section */
		F560543F1DEF41790072D3E0 /* Build configuration list for PBXProject "Lab13" */ = {
			isa = XCConfigurationList;
			buildConfigurations = (
				F56054491DEF41790072D3E0 /* Debug */,
				F560544A1DEF41790072D3E0 /* Release */,
			);
			defaultConfigurationIsVisible = 0;
			defaultConfigurationName = Release;
		};
		F560544B1DEF41790072D3E0 /* Build configuration list for PBXNativeTarget "Lab13" */ = {
			isa = XCConfigurationList;
			buildConfigurations = (
				F560544C1DEF41790072D3E0 /* Debug */,
				F560544D1DEF41790072D3E0 /* Release */,
			);
			defaultConfigurationIsVisible = 0;
		};
/* End XCConfigurationList section */
	};
	rootObject = F560543C1DEF41790072D3E0 /* Project object */;
}
