// !$*UTF8*$!
{
	archiveVersion = 1;
	classes = {
	};
	objectVersion = 46;
	objects = {

/* Begin PBXBuildFile section */
		F5CE93131DA6A132009A49C1 /* main.c in Sources */ = {isa = PBXBuildFile; fileRef = F5CE93121DA6A132009A49C1 /* main.c */; };
		F5CE931B1DA6A184009A49C1 /* esparsas.c in Sources */ = {isa = PBXBuildFile; fileRef = F5CE931A1DA6A184009A49C1 /* esparsas.c */; };
/* End PBXBuildFile section */

/* Begin PBXCopyFilesBuildPhase section */
		F5CE930D1DA6A132009A49C1 /* CopyFiles */ = {
			isa = PBXCopyFilesBuildPhase;
			buildActionMask = 2147483647;
			dstPath = /usr/share/man/man1/;
			dstSubfolderSpec = 0;
			files = (
			);
			runOnlyForDeploymentPostprocessing = 1;
		};
/* End PBXCopyFilesBuildPhase section */

/* Begin PBXFileReference section */
		F5CE930F1DA6A132009A49C1 /* nlab6 */ = {isa = PBXFileReference; explicitFileType = "compiled.mach-o.executable"; includeInIndex = 0; path = nlab6; sourceTree = BUILT_PRODUCTS_DIR; };
		F5CE93121DA6A132009A49C1 /* main.c */ = {isa = PBXFileReference; lastKnownFileType = sourcecode.c.c; path = main.c; sourceTree = "<group>"; };
		F5CE93191DA6A161009A49C1 /* esparsas.h */ = {isa = PBXFileReference; lastKnownFileType = sourcecode.c.h; path = esparsas.h; sourceTree = "<group>"; };
		F5CE931A1DA6A184009A49C1 /* esparsas.c */ = {isa = PBXFileReference; fileEncoding = 4; lastKnownFileType = sourcecode.c.c; path = esparsas.c; sourceTree = "<group>"; };
/* End PBXFileReference section */

/* Begin PBXFrameworksBuildPhase section */
		F5CE930C1DA6A132009A49C1 /* Frameworks */ = {
			isa = PBXFrameworksBuildPhase;
			buildActionMask = 2147483647;
			files = (
			);
			runOnlyForDeploymentPostprocessing = 0;
		};
/* End PBXFrameworksBuildPhase section */

/* Begin PBXGroup section */
		F5CE93061DA6A132009A49C1 = {
			isa = PBXGroup;
			children = (
				F5CE93111DA6A132009A49C1 /* nlab6 */,
				F5CE93101DA6A132009A49C1 /* Products */,
			);
			sourceTree = "<group>";
		};
		F5CE93101DA6A132009A49C1 /* Products */ = {
			isa = PBXGroup;
			children = (
				F5CE930F1DA6A132009A49C1 /* nlab6 */,
			);
			name = Products;
			sourceTree = "<group>";
		};
		F5CE93111DA6A132009A49C1 /* nlab6 */ = {
			isa = PBXGroup;
			children = (
				F5CE93121DA6A132009A49C1 /* main.c */,
				F5CE93191DA6A161009A49C1 /* esparsas.h */,
				F5CE931A1DA6A184009A49C1 /* esparsas.c */,
			);
			path = nlab6;
			sourceTree = "<group>";
		};
/* End PBXGroup section */

/* Begin PBXNativeTarget section */
		F5CE930E1DA6A132009A49C1 /* nlab6 */ = {
			isa = PBXNativeTarget;
			buildConfigurationList = F5CE93161DA6A132009A49C1 /* Build configuration list for PBXNativeTarget "nlab6" */;
			buildPhases = (
				F5CE930B1DA6A132009A49C1 /* Sources */,
				F5CE930C1DA6A132009A49C1 /* Frameworks */,
				F5CE930D1DA6A132009A49C1 /* CopyFiles */,
			);
			buildRules = (
			);
			dependencies = (
			);
			name = nlab6;
			productName = nlab6;
			productReference = F5CE930F1DA6A132009A49C1 /* nlab6 */;
			productType = "com.apple.product-type.tool";
		};
/* End PBXNativeTarget section */

/* Begin PBXProject section */
		F5CE93071DA6A132009A49C1 /* Project object */ = {
			isa = PBXProject;
			attributes = {
				LastUpgradeCheck = 0730;
				ORGANIZATIONNAME = "Bruna Aleixo";
				TargetAttributes = {
					F5CE930E1DA6A132009A49C1 = {
						CreatedOnToolsVersion = 7.3.1;
					};
				};
			};
			buildConfigurationList = F5CE930A1DA6A132009A49C1 /* Build configuration list for PBXProject "nlab6" */;
			compatibilityVersion = "Xcode 3.2";
			developmentRegion = English;
			hasScannedForEncodings = 0;
			knownRegions = (
				en,
			);
			mainGroup = F5CE93061DA6A132009A49C1;
			productRefGroup = F5CE93101DA6A132009A49C1 /* Products */;
			projectDirPath = "";
			projectRoot = "";
			targets = (
				F5CE930E1DA6A132009A49C1 /* nlab6 */,
			);
		};
/* End PBXProject section */

/* Begin PBXSourcesBuildPhase section */
		F5CE930B1DA6A132009A49C1 /* Sources */ = {
			isa = PBXSourcesBuildPhase;
			buildActionMask = 2147483647;
			files = (
				F5CE93131DA6A132009A49C1 /* main.c in Sources */,
				F5CE931B1DA6A184009A49C1 /* esparsas.c in Sources */,
			);
			runOnlyForDeploymentPostprocessing = 0;
		};
/* End PBXSourcesBuildPhase section */

/* Begin XCBuildConfiguration section */
		F5CE93141DA6A132009A49C1 /* Debug */ = {
			isa = XCBuildConfiguration;
			buildSettings = {
				ALWAYS_SEARCH_USER_PATHS = NO;
				CLANG_ANALYZER_NONNULL = YES;
				CLANG_CXX_LANGUAGE_STANDARD = "gnu++0x";
				CLANG_CXX_LIBRARY = "libc++";
				CLANG_ENABLE_MODULES = YES;
				CLANG_ENABLE_OBJC_ARC = YES;
				CLANG_WARN_BOOL_CONVERSION = YES;
				CLANG_WARN_CONSTANT_CONVERSION = YES;
				CLANG_WARN_DIRECT_OBJC_ISA_USAGE = YES_ERROR;
				CLANG_WARN_EMPTY_BODY = YES;
				CLANG_WARN_ENUM_CONVERSION = YES;
				CLANG_WARN_INT_CONVERSION = YES;
				CLANG_WARN_OBJC_ROOT_CLASS = YES_ERROR;
				CLANG_WARN_UNREACHABLE_CODE = YES;
				CLANG_WARN__DUPLICATE_METHOD_MATCH = YES;
				CODE_SIGN_IDENTITY = "-";
				COPY_PHASE_STRIP = NO;
				DEBUG_INFORMATION_FORMAT = dwarf;
				ENABLE_STRICT_OBJC_MSGSEND = YES;
				ENABLE_TESTABILITY = YES;
				GCC_C_LANGUAGE_STANDARD = gnu99;
				GCC_DYNAMIC_NO_PIC = NO;
				GCC_NO_COMMON_BLOCKS = YES;
				GCC_OPTIMIZATION_LEVEL = 0;
				GCC_PREPROCESSOR_DEFINITIONS = (
					"DEBUG=1",
					"$(inherited)",
				);
				GCC_WARN_64_TO_32_BIT_CONVERSION = YES;
				GCC_WARN_ABOUT_RETURN_TYPE = YES_ERROR;
				GCC_WARN_UNDECLARED_SELECTOR = YES;
				GCC_WARN_UNINITIALIZED_AUTOS = YES_AGGRESSIVE;
				GCC_WARN_UNUSED_FUNCTION = YES;
				GCC_WARN_UNUSED_VARIABLE = YES;
				MACOSX_DEPLOYMENT_TARGET = 10.11;
				MTL_ENABLE_DEBUG_INFO = YES;
				ONLY_ACTIVE_ARCH = YES;
				SDKROOT = macosx;
			};
			name = Debug;
		};
		F5CE93151DA6A132009A49C1 /* Release */ = {
			isa = XCBuildConfiguration;
			buildSettings = {
				ALWAYS_SEARCH_USER_PATHS = NO;
				CLANG_ANALYZER_NONNULL = YES;
				CLANG_CXX_LANGUAGE_STANDARD = "gnu++0x";
				CLANG_CXX_LIBRARY = "libc++";
				CLANG_ENABLE_MODULES = YES;
				CLANG_ENABLE_OBJC_ARC = YES;
				CLANG_WARN_BOOL_CONVERSION = YES;
				CLANG_WARN_CONSTANT_CONVERSION = YES;
				CLANG_WARN_DIRECT_OBJC_ISA_USAGE = YES_ERROR;
				CLANG_WARN_EMPTY_BODY = YES;
				CLANG_WARN_ENUM_CONVERSION = YES;
				CLANG_WARN_INT_CONVERSION = YES;
				CLANG_WARN_OBJC_ROOT_CLASS = YES_ERROR;
				CLANG_WARN_UNREACHABLE_CODE = YES;
				CLANG_WARN__DUPLICATE_METHOD_MATCH = YES;
				CODE_SIGN_IDENTITY = "-";
				COPY_PHASE_STRIP = NO;
				DEBUG_INFORMATION_FORMAT = "dwarf-with-dsym";
				ENABLE_NS_ASSERTIONS = NO;
				ENABLE_STRICT_OBJC_MSGSEND = YES;
				GCC_C_LANGUAGE_STANDARD = gnu99;
				GCC_NO_COMMON_BLOCKS = YES;
				GCC_WARN_64_TO_32_BIT_CONVERSION = YES;
				GCC_WARN_ABOUT_RETURN_TYPE = YES_ERROR;
				GCC_WARN_UNDECLARED_SELECTOR = YES;
				GCC_WARN_UNINITIALIZED_AUTOS = YES_AGGRESSIVE;
				GCC_WARN_UNUSED_FUNCTION = YES;
				GCC_WARN_UNUSED_VARIABLE = YES;
				MACOSX_DEPLOYMENT_TARGET = 10.11;
				MTL_ENABLE_DEBUG_INFO = NO;
				SDKROOT = macosx;
			};
			name = Release;
		};
		F5CE93171DA6A132009A49C1 /* Debug */ = {
			isa = XCBuildConfiguration;
			buildSettings = {
				PRODUCT_NAME = "$(TARGET_NAME)";
			};
			name = Debug;
		};
		F5CE93181DA6A132009A49C1 /* Release */ = {
			isa = XCBuildConfiguration;
			buildSettings = {
				PRODUCT_NAME = "$(TARGET_NAME)";
			};
			name = Release;
		};
/* End XCBuildConfiguration section */

/* Begin XCConfigurationList section */
		F5CE930A1DA6A132009A49C1 /* Build configuration list for PBXProject "nlab6" */ = {
			isa = XCConfigurationList;
			buildConfigurations = (
				F5CE93141DA6A132009A49C1 /* Debug */,
				F5CE93151DA6A132009A49C1 /* Release */,
			);
			defaultConfigurationIsVisible = 0;
			defaultConfigurationName = Release;
		};
		F5CE93161DA6A132009A49C1 /* Build configuration list for PBXNativeTarget "nlab6" */ = {
			isa = XCConfigurationList;
			buildConfigurations = (
				F5CE93171DA6A132009A49C1 /* Debug */,
				F5CE93181DA6A132009A49C1 /* Release */,
			);
			defaultConfigurationIsVisible = 0;
		};
/* End XCConfigurationList section */
	};
	rootObject = F5CE93071DA6A132009A49C1 /* Project object */;
}
